
Microsoft Visual Studio Solution File, Format Version 12.00
# Visual Studio 14
VisualStudioVersion = 14.0.25420.1
MinimumVisualStudioVersion = 10.0.40219.1
Project("{FAE04EC0-301F-11D3-BF4B-00C04F79EFBC}") = "MvxRecyclerViewTest", "MvxRecyclerViewTest\MvxRecyclerViewTest.csproj", "{AE0BA2D7-2572-4A2A-A330-F32F93DE92DC}"
EndProject
Project("{FAE04EC0-301F-11D3-BF4B-00C04F79EFBC}") = "MvxRecyclerViewTest_Core", "MvxRecyclerViewTest_Core\MvxRecyclerViewTest_Core.csproj", "{350F01F2-5BE7-4BAC-A4A1-7D79B8606C21}"
EndProject
Global
	GlobalSection(SolutionConfigurationPlatforms) = preSolution
		Debug|Any CPU = Debug|Any CPU
		Release|Any CPU = Release|Any CPU
	EndGlobalSection
	GlobalSection(ProjectConfigurationPlatforms) = postSolution
		{AE0BA2D7-2572-4A2A-A330-F32F93DE92DC}.Debug|Any CPU.ActiveCfg = Debug|Any CPU
		{AE0BA2D7-2572-4A2A-A330-F32F93DE92DC}.Debug|Any CPU.Build.0 = Debug|Any CPU
		{AE0BA2D7-2572-4A2A-A330-F32F93DE92DC}.Debug|Any CPU.Deploy.0 = Debug|Any CPU
		{AE0BA2D7-2572-4A2A-A330-F32F93DE92DC}.Release|Any CPU.ActiveCfg = Release|Any CPU
		{AE0BA2D7-2572-4A2A-A330-F32F93DE92DC}.Release|Any CPU.Build.0 = Release|Any CPU
		{AE0BA2D7-2572-4A2A-A330-F32F93DE92DC}.Release|Any CPU.Deploy.0 = Release|Any CPU
		{350F01F2-5BE7-4BAC-A4A1-7D79B8606C21}.Debug|Any CPU.ActiveCfg = Debug|Any CPU
		{350F01F2-5BE7-4BAC-A4A1-7D79B8606C21}.Debug|Any CPU.Build.0 = Debug|Any CPU
		{350F01F2-5BE7-4BAC-A4A1-7D79B8606C21}.Release|Any CPU.ActiveCfg = Release|Any CPU
		{350F01F2-5BE7-4BAC-A4A1-7D79B8606C21}.Release|Any CPU.Build.0 = Release|Any CPU
	EndGlobalSection
	GlobalSection(SolutionProperties) = preSolution
		HideSolutionNode = FALSE
	EndGlobalSection
EndGlobal
